# Immutable references used by the disposable matrix. Update digest and evidence together.
[[image.alpine]]
registry = "docker.io/library/alpine"
tag = "3.20"
manifest_digest = "sha256:c64c687cbea9300178b30c95835354e34c4e4febc4badfe27102879de0483b5e"
architecture = "amd64"
package_manager = "apk"
version = "2.14.4-r0"

[[image.debian]]
registry = "docker.io/library/debian"
tag = "12-slim"
manifest_digest = "sha256:f3034a6ec3c1205360777c4aae76234998866ad18806ae62b63a3f84ccad782b"
architecture = "amd64"
package_manager = "apt"
version = "2.6.1"

[[image.fedora]]
registry = "registry.fedoraproject.org/fedora"
tag = "41"
manifest_digest = "sha256:fd6900fd292fc2e8eb2ce9c09d346f3f55333b5b283d64b88630cdf03845bc71"
architecture = "amd64"
package_manager = "dnf5"
version = "5.2.0"

[[image.opensuse]]
registry = "registry.opensuse.org/opensuse/leap"
tag = "15.6"
manifest_digest = "sha256:a783ee8a37eef5e06dfd44c715ff5a228dfce4328415e5bc5651c9d99a95045d"
architecture = "amd64"
package_manager = "zypper"
version = "1.14.72"

[[image.void]]
registry = "docker.io/voidlinux/voidlinux"
tag = "latest"
manifest_digest = "sha256:26ba972f0c06beadcec4796ec3037e0bec32af4d255edb68a528bd98304c74f4"
architecture = "amd64"
package_manager = "xbps"
version = "0.59.2"
