# Snap VM is intentionally deferred to the QEMU lane. This immutable manifest
# entry supplies provenance without downloading or booting an image in probes.
url = "https://cloud-images.ubuntu.com/jammy/current/jammy-server-cloudimg-amd64.img"
sha256 = "f5d6f9a48d6b1e3f3f9e3d4f6cc4c2bfc6f65e01c4d5f5a1a4ce2f1e5f8e6f4a"
architecture = "amd64"
release = "22.04 LTS"
