# Snap VM is intentionally deferred to the QEMU lane. This immutable manifest
# entry supplies provenance without downloading or booting an image in probes.
url = "https://cloud-images.ubuntu.com/jammy/current/jammy-server-cloudimg-amd64.img"
sha256 = "0c9811a81e6329acacbb5ae4e701a7650f85cd3f19852cd159d79ab8357b210e"
architecture = "amd64"
release = "22.04 LTS"
